
Microsoft Visual Studio Solution File, Format Version 12.00
# Visual Studio Version 16
VisualStudioVersion = 16.0.32106.194
MinimumVisualStudioVersion = 10.0.40219.1
Project("{FAE04EC0-301F-11D3-BF4B-00C04F79EFBC}") = "Lab_04", "Lab_04\Lab_04.csproj", "{C1CFA3B3-52B5-4743-9B80-244AA18059D7}"
EndProject
Global
	GlobalSection(SolutionConfigurationPlatforms) = preSolution
		Debug|Any CPU = Debug|Any CPU
		Release|Any CPU = Release|Any CPU
	EndGlobalSection
	GlobalSection(ProjectConfigurationPlatforms) = postSolution
		{C1CFA3B3-52B5-4743-9B80-244AA18059D7}.Debug|Any CPU.ActiveCfg = Debug|Any CPU
		{C1CFA3B3-52B5-4743-9B80-244AA18059D7}.Debug|Any CPU.Build.0 = Debug|Any CPU
		{C1CFA3B3-52B5-4743-9B80-244AA18059D7}.Release|Any CPU.ActiveCfg = Release|Any CPU
		{C1CFA3B3-52B5-4743-9B80-244AA18059D7}.Release|Any CPU.Build.0 = Release|Any CPU
	EndGlobalSection
	GlobalSection(SolutionProperties) = preSolution
		HideSolutionNode = FALSE
	EndGlobalSection
	GlobalSection(ExtensibilityGlobals) = postSolution
		SolutionGuid = {E12892CC-F83D-47D8-95D5-E1B9E9D9D2F4}
	EndGlobalSection
EndGlobal
